
Microsoft Visual Studio Solution File, Format Version 12.00
# Visual Studio Version 17
VisualStudioVersion = 17.1.32210.238
MinimumVisualStudioVersion = 10.0.40219.1
Project("{FAE04EC0-301F-11D3-BF4B-00C04F79EFBC}") = "FBTarjeta", "FBTarjeta.csproj", "{3230C663-5119-479C-B956-037C26839D0B}"
EndProject
Global
	GlobalSection(SolutionConfigurationPlatforms) = preSolution
		Debug|Any CPU = Debug|Any CPU
		Release|Any CPU = Release|Any CPU
	EndGlobalSection
	GlobalSection(ProjectConfigurationPlatforms) = postSolution
		{3230C663-5119-479C-B956-037C26839D0B}.Debug|Any CPU.ActiveCfg = Debug|Any CPU
		{3230C663-5119-479C-B956-037C26839D0B}.Debug|Any CPU.Build.0 = Debug|Any CPU
		{3230C663-5119-479C-B956-037C26839D0B}.Release|Any CPU.ActiveCfg = Release|Any CPU
		{3230C663-5119-479C-B956-037C26839D0B}.Release|Any CPU.Build.0 = Release|Any CPU
	EndGlobalSection
	GlobalSection(SolutionProperties) = preSolution
		HideSolutionNode = FALSE
	EndGlobalSection
	GlobalSection(ExtensibilityGlobals) = postSolution
		SolutionGuid = {17D30298-6264-4818-8CE9-736996C0874D}
	EndGlobalSection
EndGlobal
